
Microsoft Visual Studio Solution File, Format Version 12.00
# Visual Studio Version 17
VisualStudioVersion = 17.9.34728.123
MinimumVisualStudioVersion = 10.0.40219.1
Project("{9A19103F-16F7-4668-BE54-9A1E7A4F7556}") = "PGaragem_Associacao", "PGaragem_Associacao\PGaragem_Associacao.csproj", "{43DAB79E-698B-4E18-AEBD-A4B7863724B2}"
EndProject
Project("{9A19103F-16F7-4668-BE54-9A1E7A4F7556}") = "Models", "..\PGaragem_Geracao\Models\Models.csproj", "{FDA57AEB-D398-4670-9F5D-79AD405DB548}"
EndProject
Project("{FAE04EC0-301F-11D3-BF4B-00C04F79EFBC}") = "Repositories", "Repositories\Repositories.csproj", "{CE3497AC-766A-4FFD-B9C7-623DBB89A2B3}"
EndProject
Project("{FAE04EC0-301F-11D3-BF4B-00C04F79EFBC}") = "Services", "Services\Services.csproj", "{27A0F899-6F02-4113-8C17-5CA953826A6B}"
EndProject
Project("{FAE04EC0-301F-11D3-BF4B-00C04F79EFBC}") = "Controllers", "Controllers\Controllers.csproj", "{0D392440-27C1-4A06-9CF1-4C62710C4279}"
EndProject
Global
	GlobalSection(SolutionConfigurationPlatforms) = preSolution
		Debug|Any CPU = Debug|Any CPU
		Release|Any CPU = Release|Any CPU
	EndGlobalSection
	GlobalSection(ProjectConfigurationPlatforms) = postSolution
		{43DAB79E-698B-4E18-AEBD-A4B7863724B2}.Debug|Any CPU.ActiveCfg = Debug|Any CPU
		{43DAB79E-698B-4E18-AEBD-A4B7863724B2}.Debug|Any CPU.Build.0 = Debug|Any CPU
		{43DAB79E-698B-4E18-AEBD-A4B7863724B2}.Release|Any CPU.ActiveCfg = Release|Any CPU
		{43DAB79E-698B-4E18-AEBD-A4B7863724B2}.Release|Any CPU.Build.0 = Release|Any CPU
		{FDA57AEB-D398-4670-9F5D-79AD405DB548}.Debug|Any CPU.ActiveCfg = Debug|Any CPU
		{FDA57AEB-D398-4670-9F5D-79AD405DB548}.Debug|Any CPU.Build.0 = Debug|Any CPU
		{FDA57AEB-D398-4670-9F5D-79AD405DB548}.Release|Any CPU.ActiveCfg = Release|Any CPU
		{FDA57AEB-D398-4670-9F5D-79AD405DB548}.Release|Any CPU.Build.0 = Release|Any CPU
		{CE3497AC-766A-4FFD-B9C7-623DBB89A2B3}.Debug|Any CPU.ActiveCfg = Debug|Any CPU
		{CE3497AC-766A-4FFD-B9C7-623DBB89A2B3}.Debug|Any CPU.Build.0 = Debug|Any CPU
		{CE3497AC-766A-4FFD-B9C7-623DBB89A2B3}.Release|Any CPU.ActiveCfg = Release|Any CPU
		{CE3497AC-766A-4FFD-B9C7-623DBB89A2B3}.Release|Any CPU.Build.0 = Release|Any CPU
		{27A0F899-6F02-4113-8C17-5CA953826A6B}.Debug|Any CPU.ActiveCfg = Debug|Any CPU
		{27A0F899-6F02-4113-8C17-5CA953826A6B}.Debug|Any CPU.Build.0 = Debug|Any CPU
		{27A0F899-6F02-4113-8C17-5CA953826A6B}.Release|Any CPU.ActiveCfg = Release|Any CPU
		{27A0F899-6F02-4113-8C17-5CA953826A6B}.Release|Any CPU.Build.0 = Release|Any CPU
		{0D392440-27C1-4A06-9CF1-4C62710C4279}.Debug|Any CPU.ActiveCfg = Debug|Any CPU
		{0D392440-27C1-4A06-9CF1-4C62710C4279}.Debug|Any CPU.Build.0 = Debug|Any CPU
		{0D392440-27C1-4A06-9CF1-4C62710C4279}.Release|Any CPU.ActiveCfg = Release|Any CPU
		{0D392440-27C1-4A06-9CF1-4C62710C4279}.Release|Any CPU.Build.0 = Release|Any CPU
	EndGlobalSection
	GlobalSection(SolutionProperties) = preSolution
		HideSolutionNode = FALSE
	EndGlobalSection
	GlobalSection(ExtensibilityGlobals) = postSolution
		SolutionGuid = {2112ABE6-B68E-43ED-9EEB-254854A44429}
	EndGlobalSection
EndGlobal
