
Microsoft Visual Studio Solution File, Format Version 12.00
# Visual Studio Version 17
VisualStudioVersion = 17.9.34728.123
MinimumVisualStudioVersion = 10.0.40219.1
Project("{9A19103F-16F7-4668-BE54-9A1E7A4F7556}") = "PGaragem_Extracao", "PGaragem_Extracao\PGaragem_Extracao.csproj", "{1DAF91E9-55AE-4CAE-BCF6-85F7B44BF4F2}"
EndProject
Project("{9A19103F-16F7-4668-BE54-9A1E7A4F7556}") = "Models", "..\PGaragem_Geracao\Models\Models.csproj", "{C5DD420E-D41C-437D-937C-DA19C5260200}"
EndProject
Project("{9A19103F-16F7-4668-BE54-9A1E7A4F7556}") = "Controllers", "..\PGaragem_Associacao\Controllers\Controllers.csproj", "{E0167FD1-2DC3-4E64-9811-9E44F5D49625}"
EndProject
Project("{9A19103F-16F7-4668-BE54-9A1E7A4F7556}") = "Repositories", "..\PGaragem_Associacao\Repositories\Repositories.csproj", "{EC714022-024A-4E83-BD3E-88585304ABDE}"
EndProject
Project("{9A19103F-16F7-4668-BE54-9A1E7A4F7556}") = "Services", "..\PGaragem_Associacao\Services\Services.csproj", "{9021EB91-4FBD-4CB8-B320-18D33B5FE022}"
EndProject
Global
	GlobalSection(SolutionConfigurationPlatforms) = preSolution
		Debug|Any CPU = Debug|Any CPU
		Release|Any CPU = Release|Any CPU
	EndGlobalSection
	GlobalSection(ProjectConfigurationPlatforms) = postSolution
		{1DAF91E9-55AE-4CAE-BCF6-85F7B44BF4F2}.Debug|Any CPU.ActiveCfg = Debug|Any CPU
		{1DAF91E9-55AE-4CAE-BCF6-85F7B44BF4F2}.Debug|Any CPU.Build.0 = Debug|Any CPU
		{1DAF91E9-55AE-4CAE-BCF6-85F7B44BF4F2}.Release|Any CPU.ActiveCfg = Release|Any CPU
		{1DAF91E9-55AE-4CAE-BCF6-85F7B44BF4F2}.Release|Any CPU.Build.0 = Release|Any CPU
		{C5DD420E-D41C-437D-937C-DA19C5260200}.Debug|Any CPU.ActiveCfg = Debug|Any CPU
		{C5DD420E-D41C-437D-937C-DA19C5260200}.Debug|Any CPU.Build.0 = Debug|Any CPU
		{C5DD420E-D41C-437D-937C-DA19C5260200}.Release|Any CPU.ActiveCfg = Release|Any CPU
		{C5DD420E-D41C-437D-937C-DA19C5260200}.Release|Any CPU.Build.0 = Release|Any CPU
		{E0167FD1-2DC3-4E64-9811-9E44F5D49625}.Debug|Any CPU.ActiveCfg = Debug|Any CPU
		{E0167FD1-2DC3-4E64-9811-9E44F5D49625}.Debug|Any CPU.Build.0 = Debug|Any CPU
		{E0167FD1-2DC3-4E64-9811-9E44F5D49625}.Release|Any CPU.ActiveCfg = Release|Any CPU
		{E0167FD1-2DC3-4E64-9811-9E44F5D49625}.Release|Any CPU.Build.0 = Release|Any CPU
		{EC714022-024A-4E83-BD3E-88585304ABDE}.Debug|Any CPU.ActiveCfg = Debug|Any CPU
		{EC714022-024A-4E83-BD3E-88585304ABDE}.Debug|Any CPU.Build.0 = Debug|Any CPU
		{EC714022-024A-4E83-BD3E-88585304ABDE}.Release|Any CPU.ActiveCfg = Release|Any CPU
		{EC714022-024A-4E83-BD3E-88585304ABDE}.Release|Any CPU.Build.0 = Release|Any CPU
		{9021EB91-4FBD-4CB8-B320-18D33B5FE022}.Debug|Any CPU.ActiveCfg = Debug|Any CPU
		{9021EB91-4FBD-4CB8-B320-18D33B5FE022}.Debug|Any CPU.Build.0 = Debug|Any CPU
		{9021EB91-4FBD-4CB8-B320-18D33B5FE022}.Release|Any CPU.ActiveCfg = Release|Any CPU
		{9021EB91-4FBD-4CB8-B320-18D33B5FE022}.Release|Any CPU.Build.0 = Release|Any CPU
	EndGlobalSection
	GlobalSection(SolutionProperties) = preSolution
		HideSolutionNode = FALSE
	EndGlobalSection
	GlobalSection(ExtensibilityGlobals) = postSolution
		SolutionGuid = {DCC47CEB-3BF3-46AB-8846-E5D5B2FF8C34}
	EndGlobalSection
EndGlobal
