
Microsoft Visual Studio Solution File, Format Version 12.00
# Visual Studio Version 17
VisualStudioVersion = 17.9.34728.123
MinimumVisualStudioVersion = 10.0.40219.1
Project("{9A19103F-16F7-4668-BE54-9A1E7A4F7556}") = "PGaragem_Geracao", "PGaragem_Geracao\PGaragem_Geracao.csproj", "{8CCC08C1-4DD3-4ADE-8063-09909B5A78D9}"
EndProject
Project("{FAE04EC0-301F-11D3-BF4B-00C04F79EFBC}") = "Models", "Models\Models.csproj", "{40463F4C-7859-4474-901A-282E27FE95FF}"
EndProject
Project("{FAE04EC0-301F-11D3-BF4B-00C04F79EFBC}") = "Controllers", "Controllers\Controllers.csproj", "{0F0C90D7-8D89-4015-8FA8-0AAD25C29C6D}"
EndProject
Project("{FAE04EC0-301F-11D3-BF4B-00C04F79EFBC}") = "Repositories", "Repositories\Repositories.csproj", "{DAFAC0AE-263F-480C-8BD8-57DF5190BDFC}"
EndProject
Project("{FAE04EC0-301F-11D3-BF4B-00C04F79EFBC}") = "Services", "Services\Services.csproj", "{8E2CA6B5-6F1C-486E-AA63-0E99AE61B452}"
EndProject
Global
	GlobalSection(SolutionConfigurationPlatforms) = preSolution
		Debug|Any CPU = Debug|Any CPU
		Release|Any CPU = Release|Any CPU
	EndGlobalSection
	GlobalSection(ProjectConfigurationPlatforms) = postSolution
		{8CCC08C1-4DD3-4ADE-8063-09909B5A78D9}.Debug|Any CPU.ActiveCfg = Debug|Any CPU
		{8CCC08C1-4DD3-4ADE-8063-09909B5A78D9}.Debug|Any CPU.Build.0 = Debug|Any CPU
		{8CCC08C1-4DD3-4ADE-8063-09909B5A78D9}.Release|Any CPU.ActiveCfg = Release|Any CPU
		{8CCC08C1-4DD3-4ADE-8063-09909B5A78D9}.Release|Any CPU.Build.0 = Release|Any CPU
		{40463F4C-7859-4474-901A-282E27FE95FF}.Debug|Any CPU.ActiveCfg = Debug|Any CPU
		{40463F4C-7859-4474-901A-282E27FE95FF}.Debug|Any CPU.Build.0 = Debug|Any CPU
		{40463F4C-7859-4474-901A-282E27FE95FF}.Release|Any CPU.ActiveCfg = Release|Any CPU
		{40463F4C-7859-4474-901A-282E27FE95FF}.Release|Any CPU.Build.0 = Release|Any CPU
		{0F0C90D7-8D89-4015-8FA8-0AAD25C29C6D}.Debug|Any CPU.ActiveCfg = Debug|Any CPU
		{0F0C90D7-8D89-4015-8FA8-0AAD25C29C6D}.Debug|Any CPU.Build.0 = Debug|Any CPU
		{0F0C90D7-8D89-4015-8FA8-0AAD25C29C6D}.Release|Any CPU.ActiveCfg = Release|Any CPU
		{0F0C90D7-8D89-4015-8FA8-0AAD25C29C6D}.Release|Any CPU.Build.0 = Release|Any CPU
		{DAFAC0AE-263F-480C-8BD8-57DF5190BDFC}.Debug|Any CPU.ActiveCfg = Debug|Any CPU
		{DAFAC0AE-263F-480C-8BD8-57DF5190BDFC}.Debug|Any CPU.Build.0 = Debug|Any CPU
		{DAFAC0AE-263F-480C-8BD8-57DF5190BDFC}.Release|Any CPU.ActiveCfg = Release|Any CPU
		{DAFAC0AE-263F-480C-8BD8-57DF5190BDFC}.Release|Any CPU.Build.0 = Release|Any CPU
		{8E2CA6B5-6F1C-486E-AA63-0E99AE61B452}.Debug|Any CPU.ActiveCfg = Debug|Any CPU
		{8E2CA6B5-6F1C-486E-AA63-0E99AE61B452}.Debug|Any CPU.Build.0 = Debug|Any CPU
		{8E2CA6B5-6F1C-486E-AA63-0E99AE61B452}.Release|Any CPU.ActiveCfg = Release|Any CPU
		{8E2CA6B5-6F1C-486E-AA63-0E99AE61B452}.Release|Any CPU.Build.0 = Release|Any CPU
	EndGlobalSection
	GlobalSection(SolutionProperties) = preSolution
		HideSolutionNode = FALSE
	EndGlobalSection
	GlobalSection(ExtensibilityGlobals) = postSolution
		SolutionGuid = {A4577F3E-6A7B-4371-B138-EB7516DC7E03}
	EndGlobalSection
EndGlobal
